
Microsoft Visual Studio Solution File, Format Version 12.00
# Visual Studio 15
VisualStudioVersion = 15.0.27130.2027
MinimumVisualStudioVersion = 10.0.40219.1
Project("{8BC9CEB8-8B4A-11D0-8D11-00A0C91BC942}") = "maya2glTF", "Maya2glTF.vcxproj", "{3D3A5B08-1250-4371-8B2F-8F0D011DF39C}"
	ProjectSection(ProjectDependencies) = postProject
		{B7A21E23-A45B-38E7-873C-FF3CAF1BA44A} = {B7A21E23-A45B-38E7-873C-FF3CAF1BA44A}
	EndProjectSection
EndProject
Project("{8BC9CEB8-8B4A-11D0-8D11-00A0C91BC942}") = "GLTF", "dependencies\COLLADA2GLTF\GLTF\build\GLTF.vcxproj", "{B7A21E23-A45B-38E7-873C-FF3CAF1BA44A}"
EndProject
Project("{9A19103F-16F7-4668-BE54-9A1E7A4F7556}") = "EncodeToHEVC", "tools\EncodeToHEVC\EncodeToHEVC.csproj", "{B1B19E38-56A5-43DF-83E3-557E01AB5847}"
EndProject
Project("{2150E333-8FDC-42A3-9474-1A3956D46DE8}") = "Tools", "Tools", "{F3F36D93-22BE-4EF2-85CF-9D087AA58797}"
EndProject
Project("{9A19103F-16F7-4668-BE54-9A1E7A4F7556}") = "ModelClipMerger", "tools\ModelClipMerger\ModelClipMerger.csproj", "{12E2EA2A-F3FF-4503-99A2-5A5F09DB1237}"
EndProject
Global
	GlobalSection(SolutionConfigurationPlatforms) = preSolution
		Debug|Any CPU = Debug|Any CPU
		Debug|x64 = Debug|x64
		Maya2016_EXT2-Debug|Any CPU = Maya2016_EXT2-Debug|Any CPU
		Maya2016_EXT2-Debug|x64 = Maya2016_EXT2-Debug|x64
		Maya2016_EXT2-Release|Any CPU = Maya2016_EXT2-Release|Any CPU
		Maya2016_EXT2-Release|x64 = Maya2016_EXT2-Release|x64
		Maya2017-Debug|Any CPU = Maya2017-Debug|Any CPU
		Maya2017-Debug|x64 = Maya2017-Debug|x64
		Maya2017-Release|Any CPU = Maya2017-Release|Any CPU
		Maya2017-Release|x64 = Maya2017-Release|x64
		Maya2018-Debug|Any CPU = Maya2018-Debug|Any CPU
		Maya2018-Debug|x64 = Maya2018-Debug|x64
		Maya2018-Release|Any CPU = Maya2018-Release|Any CPU
		Maya2018-Release|x64 = Maya2018-Release|x64
		MinSizeRel|Any CPU = MinSizeRel|Any CPU
		MinSizeRel|x64 = MinSizeRel|x64
		Release|Any CPU = Release|Any CPU
		Release|x64 = Release|x64
		RelWithDebInfo|Any CPU = RelWithDebInfo|Any CPU
		RelWithDebInfo|x64 = RelWithDebInfo|x64
	EndGlobalSection
	GlobalSection(ProjectConfigurationPlatforms) = postSolution
		{3D3A5B08-1250-4371-8B2F-8F0D011DF39C}.Debug|Any CPU.ActiveCfg = Maya2016_EXT2-Release|x64
		{3D3A5B08-1250-4371-8B2F-8F0D011DF39C}.Debug|Any CPU.Build.0 = Maya2016_EXT2-Release|x64
		{3D3A5B08-1250-4371-8B2F-8F0D011DF39C}.Debug|x64.ActiveCfg = Maya2018-Debug|x64
		{3D3A5B08-1250-4371-8B2F-8F0D011DF39C}.Debug|x64.Build.0 = Maya2018-Debug|x64
		{3D3A5B08-1250-4371-8B2F-8F0D011DF39C}.Maya2016_EXT2-Debug|Any CPU.ActiveCfg = Maya2016_EXT2-Debug|x64
		{3D3A5B08-1250-4371-8B2F-8F0D011DF39C}.Maya2016_EXT2-Debug|x64.ActiveCfg = Maya2016_EXT2-Debug|x64
		{3D3A5B08-1250-4371-8B2F-8F0D011DF39C}.Maya2016_EXT2-Debug|x64.Build.0 = Maya2016_EXT2-Debug|x64
		{3D3A5B08-1250-4371-8B2F-8F0D011DF39C}.Maya2016_EXT2-Release|Any CPU.ActiveCfg = Maya2016_EXT2-Release|x64
		{3D3A5B08-1250-4371-8B2F-8F0D011DF39C}.Maya2016_EXT2-Release|x64.ActiveCfg = Maya2016_EXT2-Debug|x64
		{3D3A5B08-1250-4371-8B2F-8F0D011DF39C}.Maya2016_EXT2-Release|x64.Build.0 = Maya2016_EXT2-Debug|x64
		{3D3A5B08-1250-4371-8B2F-8F0D011DF39C}.Maya2017-Debug|Any CPU.ActiveCfg = Maya2017-Debug|x64
		{3D3A5B08-1250-4371-8B2F-8F0D011DF39C}.Maya2017-Debug|x64.ActiveCfg = Maya2017-Debug|x64
		{3D3A5B08-1250-4371-8B2F-8F0D011DF39C}.Maya2017-Debug|x64.Build.0 = Maya2017-Debug|x64
		{3D3A5B08-1250-4371-8B2F-8F0D011DF39C}.Maya2017-Release|Any CPU.ActiveCfg = Maya2017-Release|x64
		{3D3A5B08-1250-4371-8B2F-8F0D011DF39C}.Maya2017-Release|x64.ActiveCfg = Maya2017-Release|x64
		{3D3A5B08-1250-4371-8B2F-8F0D011DF39C}.Maya2017-Release|x64.Build.0 = Maya2017-Release|x64
		{3D3A5B08-1250-4371-8B2F-8F0D011DF39C}.Maya2018-Debug|Any CPU.ActiveCfg = Maya2018-Debug|x64
		{3D3A5B08-1250-4371-8B2F-8F0D011DF39C}.Maya2018-Debug|x64.ActiveCfg = Maya2018-Debug|x64
		{3D3A5B08-1250-4371-8B2F-8F0D011DF39C}.Maya2018-Debug|x64.Build.0 = Maya2018-Debug|x64
		{3D3A5B08-1250-4371-8B2F-8F0D011DF39C}.Maya2018-Release|Any CPU.ActiveCfg = Maya2018-Release|x64
		{3D3A5B08-1250-4371-8B2F-8F0D011DF39C}.Maya2018-Release|x64.ActiveCfg = Maya2018-Release|x64
		{3D3A5B08-1250-4371-8B2F-8F0D011DF39C}.Maya2018-Release|x64.Build.0 = Maya2018-Release|x64
		{3D3A5B08-1250-4371-8B2F-8F0D011DF39C}.MinSizeRel|Any CPU.ActiveCfg = Maya2016_EXT2-Release|x64
		{3D3A5B08-1250-4371-8B2F-8F0D011DF39C}.MinSizeRel|Any CPU.Build.0 = Maya2016_EXT2-Release|x64
		{3D3A5B08-1250-4371-8B2F-8F0D011DF39C}.MinSizeRel|x64.ActiveCfg = Maya2016_EXT2-Release|x64
		{3D3A5B08-1250-4371-8B2F-8F0D011DF39C}.MinSizeRel|x64.Build.0 = Maya2016_EXT2-Release|x64
		{3D3A5B08-1250-4371-8B2F-8F0D011DF39C}.Release|Any CPU.ActiveCfg = Maya2016_EXT2-Release|x64
		{3D3A5B08-1250-4371-8B2F-8F0D011DF39C}.Release|Any CPU.Build.0 = Maya2016_EXT2-Release|x64
		{3D3A5B08-1250-4371-8B2F-8F0D011DF39C}.Release|x64.ActiveCfg = Maya2016_EXT2-Release|x64
		{3D3A5B08-1250-4371-8B2F-8F0D011DF39C}.Release|x64.Build.0 = Maya2016_EXT2-Release|x64
		{3D3A5B08-1250-4371-8B2F-8F0D011DF39C}.RelWithDebInfo|Any CPU.ActiveCfg = Maya2016_EXT2-Release|x64
		{3D3A5B08-1250-4371-8B2F-8F0D011DF39C}.RelWithDebInfo|Any CPU.Build.0 = Maya2016_EXT2-Release|x64
		{3D3A5B08-1250-4371-8B2F-8F0D011DF39C}.RelWithDebInfo|x64.ActiveCfg = Maya2016_EXT2-Release|x64
		{3D3A5B08-1250-4371-8B2F-8F0D011DF39C}.RelWithDebInfo|x64.Build.0 = Maya2016_EXT2-Release|x64
		{B7A21E23-A45B-38E7-873C-FF3CAF1BA44A}.Debug|Any CPU.ActiveCfg = Debug|x64
		{B7A21E23-A45B-38E7-873C-FF3CAF1BA44A}.Debug|x64.ActiveCfg = Debug|x64
		{B7A21E23-A45B-38E7-873C-FF3CAF1BA44A}.Debug|x64.Build.0 = Debug|x64
		{B7A21E23-A45B-38E7-873C-FF3CAF1BA44A}.Maya2016_EXT2-Debug|Any CPU.ActiveCfg = RelWithDebInfo|x64
		{B7A21E23-A45B-38E7-873C-FF3CAF1BA44A}.Maya2016_EXT2-Debug|Any CPU.Build.0 = RelWithDebInfo|x64
		{B7A21E23-A45B-38E7-873C-FF3CAF1BA44A}.Maya2016_EXT2-Debug|x64.ActiveCfg = Debug|x64
		{B7A21E23-A45B-38E7-873C-FF3CAF1BA44A}.Maya2016_EXT2-Debug|x64.Build.0 = Debug|x64
		{B7A21E23-A45B-38E7-873C-FF3CAF1BA44A}.Maya2016_EXT2-Release|Any CPU.ActiveCfg = RelWithDebInfo|x64
		{B7A21E23-A45B-38E7-873C-FF3CAF1BA44A}.Maya2016_EXT2-Release|Any CPU.Build.0 = RelWithDebInfo|x64
		{B7A21E23-A45B-38E7-873C-FF3CAF1BA44A}.Maya2016_EXT2-Release|x64.ActiveCfg = Release|x64
		{B7A21E23-A45B-38E7-873C-FF3CAF1BA44A}.Maya2016_EXT2-Release|x64.Build.0 = Release|x64
		{B7A21E23-A45B-38E7-873C-FF3CAF1BA44A}.Maya2017-Debug|Any CPU.ActiveCfg = RelWithDebInfo|x64
		{B7A21E23-A45B-38E7-873C-FF3CAF1BA44A}.Maya2017-Debug|Any CPU.Build.0 = RelWithDebInfo|x64
		{B7A21E23-A45B-38E7-873C-FF3CAF1BA44A}.Maya2017-Debug|x64.ActiveCfg = Debug|x64
		{B7A21E23-A45B-38E7-873C-FF3CAF1BA44A}.Maya2017-Debug|x64.Build.0 = Debug|x64
		{B7A21E23-A45B-38E7-873C-FF3CAF1BA44A}.Maya2017-Release|Any CPU.ActiveCfg = RelWithDebInfo|x64
		{B7A21E23-A45B-38E7-873C-FF3CAF1BA44A}.Maya2017-Release|Any CPU.Build.0 = RelWithDebInfo|x64
		{B7A21E23-A45B-38E7-873C-FF3CAF1BA44A}.Maya2017-Release|x64.ActiveCfg = Release|x64
		{B7A21E23-A45B-38E7-873C-FF3CAF1BA44A}.Maya2017-Release|x64.Build.0 = Release|x64
		{B7A21E23-A45B-38E7-873C-FF3CAF1BA44A}.Maya2018-Debug|Any CPU.ActiveCfg = RelWithDebInfo|x64
		{B7A21E23-A45B-38E7-873C-FF3CAF1BA44A}.Maya2018-Debug|Any CPU.Build.0 = RelWithDebInfo|x64
		{B7A21E23-A45B-38E7-873C-FF3CAF1BA44A}.Maya2018-Debug|x64.ActiveCfg = Debug|x64
		{B7A21E23-A45B-38E7-873C-FF3CAF1BA44A}.Maya2018-Debug|x64.Build.0 = Debug|x64
		{B7A21E23-A45B-38E7-873C-FF3CAF1BA44A}.Maya2018-Release|Any CPU.ActiveCfg = RelWithDebInfo|x64
		{B7A21E23-A45B-38E7-873C-FF3CAF1BA44A}.Maya2018-Release|Any CPU.Build.0 = RelWithDebInfo|x64
		{B7A21E23-A45B-38E7-873C-FF3CAF1BA44A}.Maya2018-Release|x64.ActiveCfg = Release|x64
		{B7A21E23-A45B-38E7-873C-FF3CAF1BA44A}.Maya2018-Release|x64.Build.0 = Release|x64
		{B7A21E23-A45B-38E7-873C-FF3CAF1BA44A}.MinSizeRel|Any CPU.ActiveCfg = MinSizeRel|x64
		{B7A21E23-A45B-38E7-873C-FF3CAF1BA44A}.MinSizeRel|x64.ActiveCfg = MinSizeRel|x64
		{B7A21E23-A45B-38E7-873C-FF3CAF1BA44A}.MinSizeRel|x64.Build.0 = MinSizeRel|x64
		{B7A21E23-A45B-38E7-873C-FF3CAF1BA44A}.Release|Any CPU.ActiveCfg = Release|x64
		{B7A21E23-A45B-38E7-873C-FF3CAF1BA44A}.Release|x64.ActiveCfg = Release|x64
		{B7A21E23-A45B-38E7-873C-FF3CAF1BA44A}.Release|x64.Build.0 = Release|x64
		{B7A21E23-A45B-38E7-873C-FF3CAF1BA44A}.RelWithDebInfo|Any CPU.ActiveCfg = RelWithDebInfo|x64
		{B7A21E23-A45B-38E7-873C-FF3CAF1BA44A}.RelWithDebInfo|x64.ActiveCfg = RelWithDebInfo|x64
		{B7A21E23-A45B-38E7-873C-FF3CAF1BA44A}.RelWithDebInfo|x64.Build.0 = RelWithDebInfo|x64
		{B1B19E38-56A5-43DF-83E3-557E01AB5847}.Debug|Any CPU.ActiveCfg = Debug|Any CPU
		{B1B19E38-56A5-43DF-83E3-557E01AB5847}.Debug|Any CPU.Build.0 = Debug|Any CPU
		{B1B19E38-56A5-43DF-83E3-557E01AB5847}.Debug|x64.ActiveCfg = Debug|Any CPU
		{B1B19E38-56A5-43DF-83E3-557E01AB5847}.Debug|x64.Build.0 = Debug|Any CPU
		{B1B19E38-56A5-43DF-83E3-557E01AB5847}.Maya2016_EXT2-Debug|Any CPU.ActiveCfg = Debug|Any CPU
		{B1B19E38-56A5-43DF-83E3-557E01AB5847}.Maya2016_EXT2-Debug|Any CPU.Build.0 = Debug|Any CPU
		{B1B19E38-56A5-43DF-83E3-557E01AB5847}.Maya2016_EXT2-Debug|x64.ActiveCfg = Debug|Any CPU
		{B1B19E38-56A5-43DF-83E3-557E01AB5847}.Maya2016_EXT2-Debug|x64.Build.0 = Debug|Any CPU
		{B1B19E38-56A5-43DF-83E3-557E01AB5847}.Maya2016_EXT2-Release|Any CPU.ActiveCfg = Release|Any CPU
		{B1B19E38-56A5-43DF-83E3-557E01AB5847}.Maya2016_EXT2-Release|Any CPU.Build.0 = Release|Any CPU
		{B1B19E38-56A5-43DF-83E3-557E01AB5847}.Maya2016_EXT2-Release|x64.ActiveCfg = Release|Any CPU
		{B1B19E38-56A5-43DF-83E3-557E01AB5847}.Maya2016_EXT2-Release|x64.Build.0 = Release|Any CPU
		{B1B19E38-56A5-43DF-83E3-557E01AB5847}.Maya2017-Debug|Any CPU.ActiveCfg = Debug|Any CPU
		{B1B19E38-56A5-43DF-83E3-557E01AB5847}.Maya2017-Debug|Any CPU.Build.0 = Debug|Any CPU
		{B1B19E38-56A5-43DF-83E3-557E01AB5847}.Maya2017-Debug|x64.ActiveCfg = Debug|Any CPU
		{B1B19E38-56A5-43DF-83E3-557E01AB5847}.Maya2017-Debug|x64.Build.0 = Debug|Any CPU
		{B1B19E38-56A5-43DF-83E3-557E01AB5847}.Maya2017-Release|Any CPU.ActiveCfg = Release|Any CPU
		{B1B19E38-56A5-43DF-83E3-557E01AB5847}.Maya2017-Release|Any CPU.Build.0 = Release|Any CPU
		{B1B19E38-56A5-43DF-83E3-557E01AB5847}.Maya2017-Release|x64.ActiveCfg = Release|Any CPU
		{B1B19E38-56A5-43DF-83E3-557E01AB5847}.Maya2017-Release|x64.Build.0 = Release|Any CPU
		{B1B19E38-56A5-43DF-83E3-557E01AB5847}.Maya2018-Debug|Any CPU.ActiveCfg = Debug|Any CPU
		{B1B19E38-56A5-43DF-83E3-557E01AB5847}.Maya2018-Debug|Any CPU.Build.0 = Debug|Any CPU
		{B1B19E38-56A5-43DF-83E3-557E01AB5847}.Maya2018-Debug|x64.ActiveCfg = Debug|Any CPU
		{B1B19E38-56A5-43DF-83E3-557E01AB5847}.Maya2018-Debug|x64.Build.0 = Debug|Any CPU
		{B1B19E38-56A5-43DF-83E3-557E01AB5847}.Maya2018-Release|Any CPU.ActiveCfg = Release|Any CPU
		{B1B19E38-56A5-43DF-83E3-557E01AB5847}.Maya2018-Release|Any CPU.Build.0 = Release|Any CPU
		{B1B19E38-56A5-43DF-83E3-557E01AB5847}.Maya2018-Release|x64.ActiveCfg = Release|Any CPU
		{B1B19E38-56A5-43DF-83E3-557E01AB5847}.Maya2018-Release|x64.Build.0 = Release|Any CPU
		{B1B19E38-56A5-43DF-83E3-557E01AB5847}.MinSizeRel|Any CPU.ActiveCfg = Debug|Any CPU
		{B1B19E38-56A5-43DF-83E3-557E01AB5847}.MinSizeRel|Any CPU.Build.0 = Debug|Any CPU
		{B1B19E38-56A5-43DF-83E3-557E01AB5847}.MinSizeRel|x64.ActiveCfg = Debug|Any CPU
		{B1B19E38-56A5-43DF-83E3-557E01AB5847}.MinSizeRel|x64.Build.0 = Debug|Any CPU
		{B1B19E38-56A5-43DF-83E3-557E01AB5847}.Release|Any CPU.ActiveCfg = Release|Any CPU
		{B1B19E38-56A5-43DF-83E3-557E01AB5847}.Release|Any CPU.Build.0 = Release|Any CPU
		{B1B19E38-56A5-43DF-83E3-557E01AB5847}.Release|x64.ActiveCfg = Release|Any CPU
		{B1B19E38-56A5-43DF-83E3-557E01AB5847}.Release|x64.Build.0 = Release|Any CPU
		{B1B19E38-56A5-43DF-83E3-557E01AB5847}.RelWithDebInfo|Any CPU.ActiveCfg = Release|Any CPU
		{B1B19E38-56A5-43DF-83E3-557E01AB5847}.RelWithDebInfo|Any CPU.Build.0 = Release|Any CPU
		{B1B19E38-56A5-43DF-83E3-557E01AB5847}.RelWithDebInfo|x64.ActiveCfg = Release|Any CPU
		{B1B19E38-56A5-43DF-83E3-557E01AB5847}.RelWithDebInfo|x64.Build.0 = Release|Any CPU
		{12E2EA2A-F3FF-4503-99A2-5A5F09DB1237}.Debug|Any CPU.ActiveCfg = Debug|Any CPU
		{12E2EA2A-F3FF-4503-99A2-5A5F09DB1237}.Debug|Any CPU.Build.0 = Debug|Any CPU
		{12E2EA2A-F3FF-4503-99A2-5A5F09DB1237}.Debug|x64.ActiveCfg = Debug|Any CPU
		{12E2EA2A-F3FF-4503-99A2-5A5F09DB1237}.Debug|x64.Build.0 = Debug|Any CPU
		{12E2EA2A-F3FF-4503-99A2-5A5F09DB1237}.Maya2016_EXT2-Debug|Any CPU.ActiveCfg = Debug|Any CPU
		{12E2EA2A-F3FF-4503-99A2-5A5F09DB1237}.Maya2016_EXT2-Debug|Any CPU.Build.0 = Debug|Any CPU
		{12E2EA2A-F3FF-4503-99A2-5A5F09DB1237}.Maya2016_EXT2-Debug|x64.ActiveCfg = Debug|Any CPU
		{12E2EA2A-F3FF-4503-99A2-5A5F09DB1237}.Maya2016_EXT2-Debug|x64.Build.0 = Debug|Any CPU
		{12E2EA2A-F3FF-4503-99A2-5A5F09DB1237}.Maya2016_EXT2-Release|Any CPU.ActiveCfg = Release|Any CPU
		{12E2EA2A-F3FF-4503-99A2-5A5F09DB1237}.Maya2016_EXT2-Release|Any CPU.Build.0 = Release|Any CPU
		{12E2EA2A-F3FF-4503-99A2-5A5F09DB1237}.Maya2016_EXT2-Release|x64.ActiveCfg = Release|Any CPU
		{12E2EA2A-F3FF-4503-99A2-5A5F09DB1237}.Maya2016_EXT2-Release|x64.Build.0 = Release|Any CPU
		{12E2EA2A-F3FF-4503-99A2-5A5F09DB1237}.Maya2017-Debug|Any CPU.ActiveCfg = Debug|Any CPU
		{12E2EA2A-F3FF-4503-99A2-5A5F09DB1237}.Maya2017-Debug|Any CPU.Build.0 = Debug|Any CPU
		{12E2EA2A-F3FF-4503-99A2-5A5F09DB1237}.Maya2017-Debug|x64.ActiveCfg = Debug|Any CPU
		{12E2EA2A-F3FF-4503-99A2-5A5F09DB1237}.Maya2017-Debug|x64.Build.0 = Debug|Any CPU
		{12E2EA2A-F3FF-4503-99A2-5A5F09DB1237}.Maya2017-Release|Any CPU.ActiveCfg = Release|Any CPU
		{12E2EA2A-F3FF-4503-99A2-5A5F09DB1237}.Maya2017-Release|Any CPU.Build.0 = Release|Any CPU
		{12E2EA2A-F3FF-4503-99A2-5A5F09DB1237}.Maya2017-Release|x64.ActiveCfg = Release|Any CPU
		{12E2EA2A-F3FF-4503-99A2-5A5F09DB1237}.Maya2017-Release|x64.Build.0 = Release|Any CPU
		{12E2EA2A-F3FF-4503-99A2-5A5F09DB1237}.Maya2018-Debug|Any CPU.ActiveCfg = Debug|Any CPU
		{12E2EA2A-F3FF-4503-99A2-5A5F09DB1237}.Maya2018-Debug|Any CPU.Build.0 = Debug|Any CPU
		{12E2EA2A-F3FF-4503-99A2-5A5F09DB1237}.Maya2018-Debug|x64.ActiveCfg = Debug|Any CPU
		{12E2EA2A-F3FF-4503-99A2-5A5F09DB1237}.Maya2018-Debug|x64.Build.0 = Debug|Any CPU
		{12E2EA2A-F3FF-4503-99A2-5A5F09DB1237}.Maya2018-Release|Any CPU.ActiveCfg = Release|Any CPU
		{12E2EA2A-F3FF-4503-99A2-5A5F09DB1237}.Maya2018-Release|Any CPU.Build.0 = Release|Any CPU
		{12E2EA2A-F3FF-4503-99A2-5A5F09DB1237}.Maya2018-Release|x64.ActiveCfg = Release|Any CPU
		{12E2EA2A-F3FF-4503-99A2-5A5F09DB1237}.Maya2018-Release|x64.Build.0 = Release|Any CPU
		{12E2EA2A-F3FF-4503-99A2-5A5F09DB1237}.MinSizeRel|Any CPU.ActiveCfg = Debug|Any CPU
		{12E2EA2A-F3FF-4503-99A2-5A5F09DB1237}.MinSizeRel|Any CPU.Build.0 = Debug|Any CPU
		{12E2EA2A-F3FF-4503-99A2-5A5F09DB1237}.MinSizeRel|x64.ActiveCfg = Debug|Any CPU
		{12E2EA2A-F3FF-4503-99A2-5A5F09DB1237}.MinSizeRel|x64.Build.0 = Debug|Any CPU
		{12E2EA2A-F3FF-4503-99A2-5A5F09DB1237}.Release|Any CPU.ActiveCfg = Release|Any CPU
		{12E2EA2A-F3FF-4503-99A2-5A5F09DB1237}.Release|Any CPU.Build.0 = Release|Any CPU
		{12E2EA2A-F3FF-4503-99A2-5A5F09DB1237}.Release|x64.ActiveCfg = Release|Any CPU
		{12E2EA2A-F3FF-4503-99A2-5A5F09DB1237}.Release|x64.Build.0 = Release|Any CPU
		{12E2EA2A-F3FF-4503-99A2-5A5F09DB1237}.RelWithDebInfo|Any CPU.ActiveCfg = Release|Any CPU
		{12E2EA2A-F3FF-4503-99A2-5A5F09DB1237}.RelWithDebInfo|Any CPU.Build.0 = Release|Any CPU
		{12E2EA2A-F3FF-4503-99A2-5A5F09DB1237}.RelWithDebInfo|x64.ActiveCfg = Release|Any CPU
		{12E2EA2A-F3FF-4503-99A2-5A5F09DB1237}.RelWithDebInfo|x64.Build.0 = Release|Any CPU
	EndGlobalSection
	GlobalSection(SolutionProperties) = preSolution
		HideSolutionNode = FALSE
	EndGlobalSection
	GlobalSection(NestedProjects) = preSolution
		{B1B19E38-56A5-43DF-83E3-557E01AB5847} = {F3F36D93-22BE-4EF2-85CF-9D087AA58797}
		{12E2EA2A-F3FF-4503-99A2-5A5F09DB1237} = {F3F36D93-22BE-4EF2-85CF-9D087AA58797}
	EndGlobalSection
	GlobalSection(ExtensibilityGlobals) = postSolution
		SolutionGuid = {16B4E5DD-04AA-4C12-A5AB-45A1D242ABD4}
	EndGlobalSection
EndGlobal
